
Microsoft Visual Studio Solution File, Format Version 12.00
# Visual Studio 15
VisualStudioVersion = 15.0.28307.271
MinimumVisualStudioVersion = 10.0.40219.1
Project("{2150E333-8FDC-42A3-9474-1A3956D46DE8}") = "Foundation", "Foundation", "{6351C62B-53FD-49C8-B0FB-239C844BDBC8}"
EndProject
Project("{2150E333-8FDC-42A3-9474-1A3956D46DE8}") = "Feature", "Feature", "{1822669C-A022-4003-8A4D-FE8CA5785853}"
EndProject
Project("{2150E333-8FDC-42A3-9474-1A3956D46DE8}") = "Committer", "Committer", "{0CA547D7-B1F0-4D35-9BD5-32BB00983314}"
EndProject
Project("{FAE04EC0-301F-11D3-BF4B-00C04F79EFBC}") = "Sitecore.Feature.Committer", "Feature\Committer\code\Sitecore.Feature.Committer.csproj", "{C4E8BF05-08E7-4131-BD69-F4B398A2FD13}"
EndProject
Project("{2150E333-8FDC-42A3-9474-1A3956D46DE8}") = "Serialization", "Serialization", "{E7AF96FB-CDEB-4EC7-8E27-71C6C5EA805F}"
EndProject
Project("{FAE04EC0-301F-11D3-BF4B-00C04F79EFBC}") = "Sitecore.Foundation.Serialization", "Foundation\Serialization\code\Sitecore.Foundation.Serialization.csproj", "{007CD5DC-0030-460D-91A3-3DDEA9AB472F}"
EndProject
Global
	GlobalSection(SolutionConfigurationPlatforms) = preSolution
		Debug|Any CPU = Debug|Any CPU
		Release|Any CPU = Release|Any CPU
	EndGlobalSection
	GlobalSection(ProjectConfigurationPlatforms) = postSolution
		{C4E8BF05-08E7-4131-BD69-F4B398A2FD13}.Debug|Any CPU.ActiveCfg = Debug|Any CPU
		{C4E8BF05-08E7-4131-BD69-F4B398A2FD13}.Debug|Any CPU.Build.0 = Debug|Any CPU
		{C4E8BF05-08E7-4131-BD69-F4B398A2FD13}.Release|Any CPU.ActiveCfg = Release|Any CPU
		{C4E8BF05-08E7-4131-BD69-F4B398A2FD13}.Release|Any CPU.Build.0 = Release|Any CPU
		{007CD5DC-0030-460D-91A3-3DDEA9AB472F}.Debug|Any CPU.ActiveCfg = Debug|Any CPU
		{007CD5DC-0030-460D-91A3-3DDEA9AB472F}.Debug|Any CPU.Build.0 = Debug|Any CPU
		{007CD5DC-0030-460D-91A3-3DDEA9AB472F}.Release|Any CPU.ActiveCfg = Release|Any CPU
		{007CD5DC-0030-460D-91A3-3DDEA9AB472F}.Release|Any CPU.Build.0 = Release|Any CPU
	EndGlobalSection
	GlobalSection(SolutionProperties) = preSolution
		HideSolutionNode = FALSE
	EndGlobalSection
	GlobalSection(NestedProjects) = preSolution
		{0CA547D7-B1F0-4D35-9BD5-32BB00983314} = {1822669C-A022-4003-8A4D-FE8CA5785853}
		{C4E8BF05-08E7-4131-BD69-F4B398A2FD13} = {0CA547D7-B1F0-4D35-9BD5-32BB00983314}
		{E7AF96FB-CDEB-4EC7-8E27-71C6C5EA805F} = {6351C62B-53FD-49C8-B0FB-239C844BDBC8}
		{007CD5DC-0030-460D-91A3-3DDEA9AB472F} = {E7AF96FB-CDEB-4EC7-8E27-71C6C5EA805F}
	EndGlobalSection
	GlobalSection(ExtensibilityGlobals) = postSolution
		EnterpriseLibraryConfigurationToolBinariesPathV6 = packages\EnterpriseLibrary.Common.6.0.1304.0\lib\NET45;packages\EnterpriseLibrary.TransientFaultHandling.6.0.1304.0\lib\portable-net45+win+wp8;packages\EnterpriseLibrary.TransientFaultHandling.Caching.6.0.1304.0\lib\NET45;packages\EnterpriseLibrary.TransientFaultHandling.Data.6.0.1304.1\lib\NET45;packages\EnterpriseLibrary.TransientFaultHandling.ServiceBus.6.0.1304.0\lib\NET45;packages\EnterpriseLibrary.TransientFaultHandling.WindowsAzure.Storage.6.0.1304.0\lib\NET45;packages\EnterpriseLibrary.TransientFaultHandling.Configuration.6.0.1304.0\lib\NET45
		SolutionGuid = {450AA042-BDC4-443D-AEE5-2EDF32EC5E42}
	EndGlobalSection
EndGlobal
